
Microsoft Visual Studio Solution File, Format Version 12.00
# Visual Studio Version 17
VisualStudioVersion = 17.6.33417.168
MinimumVisualStudioVersion = 10.0.40219.1
Project("{FAE04EC0-301F-11D3-BF4B-00C04F79EFBC}") = "WebTechTutorial", "WebTechTutorial\WebTechTutorial.csproj", "{01D8BEAA-936A-4A6D-953D-50F83EFA7918}"
EndProject
Global
	GlobalSection(SolutionConfigurationPlatforms) = preSolution
		Debug|Any CPU = Debug|Any CPU
		Release|Any CPU = Release|Any CPU
	EndGlobalSection
	GlobalSection(ProjectConfigurationPlatforms) = postSolution
		{01D8BEAA-936A-4A6D-953D-50F83EFA7918}.Debug|Any CPU.ActiveCfg = Debug|Any CPU
		{01D8BEAA-936A-4A6D-953D-50F83EFA7918}.Debug|Any CPU.Build.0 = Debug|Any CPU
		{01D8BEAA-936A-4A6D-953D-50F83EFA7918}.Release|Any CPU.ActiveCfg = Release|Any CPU
		{01D8BEAA-936A-4A6D-953D-50F83EFA7918}.Release|Any CPU.Build.0 = Release|Any CPU
	EndGlobalSection
	GlobalSection(SolutionProperties) = preSolution
		HideSolutionNode = FALSE
	EndGlobalSection
	GlobalSection(ExtensibilityGlobals) = postSolution
		SolutionGuid = {9ADEA4BC-256C-480E-BB45-7870AC1B22E6}
	EndGlobalSection
EndGlobal
